dependencies:
  espressif/led_strip:
    component_hash: b578eb926d9f6402fd45398b53c9bd5d1b7a15c1b2974d25aa3088e6c79b0b4c
    dependencies:
    - name: idf
      require: private
      version: '>=5.0'
    source:
      registry_url: https://components.espressif.com/
      type: service
    version: 3.0.1
  idf:
    source:
      type: idf
    version: 5.4.0
direct_dependencies:
- espressif/led_strip
manifest_hash: aff6700d44fd25483c94cd91dbf257836492bc3c40550c085618ec9b3bcb8ad4
target: esp32c6
version: 2.0.0
